
Microsoft Visual Studio Solution File, Format Version 12.00
# Visual Studio 14
VisualStudioVersion = 14.0.25420.1
MinimumVisualStudioVersion = 10.0.40219.1
Project("{F2A71F9B-5D33-465A-A702-920D77279786}") = "ML4NET", "ML4NET\ML4NET.fsproj", "{558A3DEF-85DC-4C1A-B61C-5E979FB96AE8}"
EndProject
Project("{F2A71F9B-5D33-465A-A702-920D77279786}") = "SpamOrHam", "SpamOrHam\SpamOrHam.fsproj", "{8064ED5E-3FC7-4722-94C8-B47A4C40D332}"
EndProject
Global
	GlobalSection(SolutionConfigurationPlatforms) = preSolution
		Debug|Any CPU = Debug|Any CPU
		Release|Any CPU = Release|Any CPU
	EndGlobalSection
	GlobalSection(ProjectConfigurationPlatforms) = postSolution
		{558A3DEF-85DC-4C1A-B61C-5E979FB96AE8}.Debug|Any CPU.ActiveCfg = Debug|Any CPU
		{558A3DEF-85DC-4C1A-B61C-5E979FB96AE8}.Debug|Any CPU.Build.0 = Debug|Any CPU
		{558A3DEF-85DC-4C1A-B61C-5E979FB96AE8}.Release|Any CPU.ActiveCfg = Release|Any CPU
		{558A3DEF-85DC-4C1A-B61C-5E979FB96AE8}.Release|Any CPU.Build.0 = Release|Any CPU
		{8064ED5E-3FC7-4722-94C8-B47A4C40D332}.Debug|Any CPU.ActiveCfg = Debug|Any CPU
		{8064ED5E-3FC7-4722-94C8-B47A4C40D332}.Debug|Any CPU.Build.0 = Debug|Any CPU
		{8064ED5E-3FC7-4722-94C8-B47A4C40D332}.Release|Any CPU.ActiveCfg = Release|Any CPU
		{8064ED5E-3FC7-4722-94C8-B47A4C40D332}.Release|Any CPU.Build.0 = Release|Any CPU
	EndGlobalSection
	GlobalSection(SolutionProperties) = preSolution
		HideSolutionNode = FALSE
	EndGlobalSection
EndGlobal
